
Microsoft Visual Studio Solution File, Format Version 12.00
# Visual Studio Version 17
VisualStudioVersion = 17.9.34728.123
MinimumVisualStudioVersion = 10.0.40219.1
Project("{9A19103F-16F7-4668-BE54-9A1E7A4F7556}") = "ReadAndPersist", "ReadAndPersist\ReadAndPersist.csproj", "{B5E60BC8-0BA1-48BB-B4E4-B85361CF58C6}"
EndProject
Global
	GlobalSection(SolutionConfigurationPlatforms) = preSolution
		Debug|Any CPU = Debug|Any CPU
		Release|Any CPU = Release|Any CPU
	EndGlobalSection
	GlobalSection(ProjectConfigurationPlatforms) = postSolution
		{B5E60BC8-0BA1-48BB-B4E4-B85361CF58C6}.Debug|Any CPU.ActiveCfg = Debug|Any CPU
		{B5E60BC8-0BA1-48BB-B4E4-B85361CF58C6}.Debug|Any CPU.Build.0 = Debug|Any CPU
		{B5E60BC8-0BA1-48BB-B4E4-B85361CF58C6}.Release|Any CPU.ActiveCfg = Release|Any CPU
		{B5E60BC8-0BA1-48BB-B4E4-B85361CF58C6}.Release|Any CPU.Build.0 = Release|Any CPU
	EndGlobalSection
	GlobalSection(SolutionProperties) = preSolution
		HideSolutionNode = FALSE
	EndGlobalSection
	GlobalSection(ExtensibilityGlobals) = postSolution
		SolutionGuid = {A2BAC592-F785-4794-BA51-A0CF6B3B1934}
	EndGlobalSection
EndGlobal
